
Microsoft Visual Studio Solution File, Format Version 12.00
# Visual Studio Version 17
VisualStudioVersion = 17.7.34221.43
MinimumVisualStudioVersion = 10.0.40219.1
Project("{9A19103F-16F7-4668-BE54-9A1E7A4F7556}") = "MagicCountry_CountryAPI", "ToueWebAPI\MagicCountry_CountryAPI.csproj", "{7472873B-F8C5-4619-AEAC-B19654D3ECF5}"
EndProject
Project("{FAE04EC0-301F-11D3-BF4B-00C04F79EFBC}") = "MagicCountry_Web", "Tour_Web\MagicCountry_Web.csproj", "{25B47BA3-E210-47BA-BD18-671B9B3F0109}"
EndProject
Project("{FAE04EC0-301F-11D3-BF4B-00C04F79EFBC}") = "MagicCountry_Utility", "Tour_Web_Utility\MagicCountry_Utility.csproj", "{126E5864-84A0-4957-A108-B801E712D7D4}"
EndProject
Global
	GlobalSection(SolutionConfigurationPlatforms) = preSolution
		Debug|Any CPU = Debug|Any CPU
		Release|Any CPU = Release|Any CPU
	EndGlobalSection
	GlobalSection(ProjectConfigurationPlatforms) = postSolution
		{7472873B-F8C5-4619-AEAC-B19654D3ECF5}.Debug|Any CPU.ActiveCfg = Release|Any CPU
		{7472873B-F8C5-4619-AEAC-B19654D3ECF5}.Debug|Any CPU.Build.0 = Release|Any CPU
		{7472873B-F8C5-4619-AEAC-B19654D3ECF5}.Release|Any CPU.ActiveCfg = Release|Any CPU
		{7472873B-F8C5-4619-AEAC-B19654D3ECF5}.Release|Any CPU.Build.0 = Release|Any CPU
		{25B47BA3-E210-47BA-BD18-671B9B3F0109}.Debug|Any CPU.ActiveCfg = Release|Any CPU
		{25B47BA3-E210-47BA-BD18-671B9B3F0109}.Debug|Any CPU.Build.0 = Release|Any CPU
		{25B47BA3-E210-47BA-BD18-671B9B3F0109}.Release|Any CPU.ActiveCfg = Release|Any CPU
		{25B47BA3-E210-47BA-BD18-671B9B3F0109}.Release|Any CPU.Build.0 = Release|Any CPU
		{126E5864-84A0-4957-A108-B801E712D7D4}.Debug|Any CPU.ActiveCfg = Release|Any CPU
		{126E5864-84A0-4957-A108-B801E712D7D4}.Debug|Any CPU.Build.0 = Release|Any CPU
		{126E5864-84A0-4957-A108-B801E712D7D4}.Release|Any CPU.ActiveCfg = Release|Any CPU
		{126E5864-84A0-4957-A108-B801E712D7D4}.Release|Any CPU.Build.0 = Release|Any CPU
	EndGlobalSection
	GlobalSection(SolutionProperties) = preSolution
		HideSolutionNode = FALSE
	EndGlobalSection
	GlobalSection(ExtensibilityGlobals) = postSolution
		SolutionGuid = {3820562F-8ECC-48C7-B792-1925B7385B37}
	EndGlobalSection
EndGlobal
